// !$*UTF8*$!
{
	archiveVersion = 1;
	classes = {
	};
	objectVersion = 46;
	objects = {

/* Begin PBXBuildFile section */
		63222E521D23780D00ED057E /* GoogleService-Info.plist in Resources */ = {isa = PBXBuildFile; fileRef = 63222E511D23780D00ED057E /* GoogleService-Info.plist */; };
		632C6DAC1CE2D93B0048C5F2 /* Bolts.framework in Frameworks */ = {isa = PBXBuildFile; fileRef = 632C6DA91CE2D93B0048C5F2 /* Bolts.framework */; };
		632C6DAD1CE2D93B0048C5F2 /* FBSDKCoreKit.framework in Frameworks */ = {isa = PBXBuildFile; fileRef = 632C6DAA1CE2D93B0048C5F2 /* FBSDKCoreKit.framework */; };
		632C6DAE1CE2D93B0048C5F2 /* FBSDKLoginKit.framework in Frameworks */ = {isa = PBXBuildFile; fileRef = 632C6DAB1CE2D93B0048C5F2 /* FBSDKLoginKit.framework */; };
		635EB36E1CE5879300BB018F /* Post.swift in Sources */ = {isa = PBXBuildFile; fileRef = 635EB36D1CE5879300BB018F /* Post.swift */; };
		637DEC6C1CE30842008D2B28 /* DataService.swift in Sources */ = {isa = PBXBuildFile; fileRef = 637DEC6B1CE30842008D2B28 /* DataService.swift */; };
		637DEC6E1CE327CD008D2B28 /* FeedVC.swift in Sources */ = {isa = PBXBuildFile; fileRef = 637DEC6D1CE327CD008D2B28 /* FeedVC.swift */; };
		637DEC701CE3296B008D2B28 /* PostCell.swift in Sources */ = {isa = PBXBuildFile; fileRef = 637DEC6F1CE3296B008D2B28 /* PostCell.swift */; };
		63F353281CE18E2300705D77 /* AppDelegate.swift in Sources */ = {isa = PBXBuildFile; fileRef = 63F353271CE18E2300705D77 /* AppDelegate.swift */; };
		63F3532A1CE18E2300705D77 /* ViewController.swift in Sources */ = {isa = PBXBuildFile; fileRef = 63F353291CE18E2300705D77 /* ViewController.swift */; };
		63F3532D1CE18E2300705D77 /* Main.storyboard in Resources */ = {isa = PBXBuildFile; fileRef = 63F3532B1CE18E2300705D77 /* Main.storyboard */; };
		63F3532F1CE18E2300705D77 /* Assets.xcassets in Resources */ = {isa = PBXBuildFile; fileRef = 63F3532E1CE18E2300705D77 /* Assets.xcassets */; };
		63F353321CE18E2300705D77 /* LaunchScreen.storyboard in Resources */ = {isa = PBXBuildFile; fileRef = 63F353301CE18E2300705D77 /* LaunchScreen.storyboard */; };
		63F353411CE18E7200705D77 /* NotoSans-Bold.ttf in Resources */ = {isa = PBXBuildFile; fileRef = 63F3533D1CE18E7200705D77 /* NotoSans-Bold.ttf */; };
		63F353421CE18E7200705D77 /* NotoSans-BoldItalic.ttf in Resources */ = {isa = PBXBuildFile; fileRef = 63F3533E1CE18E7200705D77 /* NotoSans-BoldItalic.ttf */; };
		63F353431CE18E7200705D77 /* NotoSans-Italic.ttf in Resources */ = {isa = PBXBuildFile; fileRef = 63F3533F1CE18E7200705D77 /* NotoSans-Italic.ttf */; };
		63F353441CE18E7200705D77 /* NotoSans-Regular.ttf in Resources */ = {isa = PBXBuildFile; fileRef = 63F353401CE18E7200705D77 /* NotoSans-Regular.ttf */; };
		63F353461CE1910B00705D77 /* MaterialView.swift in Sources */ = {isa = PBXBuildFile; fileRef = 63F353451CE1910B00705D77 /* MaterialView.swift */; };
		63F353491CE1917100705D77 /* Constants.swift in Sources */ = {isa = PBXBuildFile; fileRef = 63F353481CE1917100705D77 /* Constants.swift */; };
		63F3534B1CE1955800705D77 /* MaterialButton.swift in Sources */ = {isa = PBXBuildFile; fileRef = 63F3534A1CE1955800705D77 /* MaterialButton.swift */; };
		63F3534D1CE19A4C00705D77 /* MaterialTextField.swift in Sources */ = {isa = PBXBuildFile; fileRef = 63F3534C1CE19A4C00705D77 /* MaterialTextField.swift */; };
		E5C42628FF9398D146FC1A6B /* Pods_devchatfire.framework in Frameworks */ = {isa = PBXBuildFile; fileRef = 208BE55518424F8E4A230D35 /* Pods_devchatfire.framework */; };
/* End PBXBuildFile section */

/* Begin PBXFileReference section */
		208BE55518424F8E4A230D35 /* Pods_devchatfire.framework */ = {isa = PBXFileReference; explicitFileType = wrapper.framework; includeInIndex = 0; path = Pods_devchatfire.framework; sourceTree = BUILT_PRODUCTS_DIR; };
		2FBFA6823DE7CC3E8434749D /* Pods-devchatfire.release.xcconfig */ = {isa = PBXFileReference; includeInIndex = 1; lastKnownFileType = text.xcconfig; name = "Pods-devchatfire.release.xcconfig"; path = "Pods/Target Support Files/Pods-devchatfire/Pods-devchatfire.release.xcconfig"; sourceTree = "<group>"; };
		63222E511D23780D00ED057E /* GoogleService-Info.plist */ = {isa = PBXFileReference; fileEncoding = 4; lastKnownFileType = text.plist.xml; path = "GoogleService-Info.plist"; sourceTree = "<group>"; };
		632C6DA91CE2D93B0048C5F2 /* Bolts.framework */ = {isa = PBXFileReference; lastKnownFileType = wrapper.framework; path = Bolts.framework; sourceTree = "<group>"; };
		632C6DAA1CE2D93B0048C5F2 /* FBSDKCoreKit.framework */ = {isa = PBXFileReference; lastKnownFileType = wrapper.framework; path = FBSDKCoreKit.framework; sourceTree = "<group>"; };
		632C6DAB1CE2D93B0048C5F2 /* FBSDKLoginKit.framework */ = {isa = PBXFileReference; lastKnownFileType = wrapper.framework; path = FBSDKLoginKit.framework; sourceTree = "<group>"; };
		635EB36D1CE5879300BB018F /* Post.swift */ = {isa = PBXFileReference; fileEncoding = 4; lastKnownFileType = sourcecode.swift; path = Post.swift; sourceTree = "<group>"; };
		637DEC6B1CE30842008D2B28 /* DataService.swift */ = {isa = PBXFileReference; fileEncoding = 4; lastKnownFileType = sourcecode.swift; path = DataService.swift; sourceTree = "<group>"; };
		637DEC6D1CE327CD008D2B28 /* FeedVC.swift */ = {isa = PBXFileReference; fileEncoding = 4; lastKnownFileType = sourcecode.swift; path = FeedVC.swift; sourceTree = "<group>"; };
		637DEC6F1CE3296B008D2B28 /* PostCell.swift */ = {isa = PBXFileReference; fileEncoding = 4; lastKnownFileType = sourcecode.swift; path = PostCell.swift; sourceTree = "<group>"; };
		63F353241CE18E2300705D77 /* devchatfire.app */ = {isa = PBXFileReference; explicitFileType = wrapper.application; includeInIndex = 0; path = devchatfire.app; sourceTree = BUILT_PRODUCTS_DIR; };
		63F353271CE18E2300705D77 /* AppDelegate.swift */ = {isa = PBXFileReference; lastKnownFileType = sourcecode.swift; path = AppDelegate.swift; sourceTree = "<group>"; };
		63F353291CE18E2300705D77 /* ViewController.swift */ = {isa = PBXFileReference; lastKnownFileType = sourcecode.swift; path = ViewController.swift; sourceTree = "<group>"; };
		63F3532C1CE18E2300705D77 /* Base */ = {isa = PBXFileReference; lastKnownFileType = file.storyboard; name = Base; path = Base.lproj/Main.storyboard; sourceTree = "<group>"; };
		63F3532E1CE18E2300705D77 /* Assets.xcassets */ = {isa = PBXFileReference; lastKnownFileType = folder.assetcatalog; path = Assets.xcassets; sourceTree = "<group>"; };
		63F353311CE18E2300705D77 /* Base */ = {isa = PBXFileReference; lastKnownFileType = file.storyboard; name = Base; path = Base.lproj/LaunchScreen.storyboard; sourceTree = "<group>"; };
		63F353331CE18E2300705D77 /* Info.plist */ = {isa = PBXFileReference; lastKnownFileType = text.plist.xml; path = Info.plist; sourceTree = "<group>"; };
		63F3533D1CE18E7200705D77 /* NotoSans-Bold.ttf */ = {isa = PBXFileReference; lastKnownFileType = file; path = "NotoSans-Bold.ttf"; sourceTree = "<group>"; };
		63F3533E1CE18E7200705D77 /* NotoSans-BoldItalic.ttf */ = {isa = PBXFileReference; lastKnownFileType = file; path = "NotoSans-BoldItalic.ttf"; sourceTree = "<group>"; };
		63F3533F1CE18E7200705D77 /* NotoSans-Italic.ttf */ = {isa = PBXFileReference; lastKnownFileType = file; path = "NotoSans-Italic.ttf"; sourceTree = "<group>"; };
		63F353401CE18E7200705D77 /* NotoSans-Regular.ttf */ = {isa = PBXFileReference; lastKnownFileType = file; path = "NotoSans-Regular.ttf"; sourceTree = "<group>"; };
		63F353451CE1910B00705D77 /* MaterialView.swift */ = {isa = PBXFileReference; fileEncoding = 4; lastKnownFileType = sourcecode.swift; path = MaterialView.swift; sourceTree = "<group>"; };
		63F353481CE1917100705D77 /* Constants.swift */ = {isa = PBXFileReference; fileEncoding = 4; lastKnownFileType = sourcecode.swift; path = Constants.swift; sourceTree = "<group>"; };
		63F3534A1CE1955800705D77 /* MaterialButton.swift */ = {isa = PBXFileReference; fileEncoding = 4; lastKnownFileType = sourcecode.swift; path = MaterialButton.swift; sourceTree = "<group>"; };
		63F3534C1CE19A4C00705D77 /* MaterialTextField.swift */ = {isa = PBXFileReference; fileEncoding = 4; lastKnownFileType = sourcecode.swift; path = MaterialTextField.swift; sourceTree = "<group>"; };
		E2ADA1C407CBCBD102629CC9 /* Pods-devchatfire.debug.xcconfig */ = {isa = PBXFileReference; includeInIndex = 1; lastKnownFileType = text.xcconfig; name = "Pods-devchatfire.debug.xcconfig"; path = "Pods/Target Support Files/Pods-devchatfire/Pods-devchatfire.debug.xcconfig"; sourceTree = "<group>"; };
/* End PBXFileReference section */

/* Begin PBXFrameworksBuildPhase section */
		63F353211CE18E2300705D77 /* Frameworks */ = {
			isa = PBXFrameworksBuildPhase;
			buildActionMask = 2147483647;
			files = (
				632C6DAC1CE2D93B0048C5F2 /* Bolts.framework in Frameworks */,
				632C6DAD1CE2D93B0048C5F2 /* FBSDKCoreKit.framework in Frameworks */,
				632C6DAE1CE2D93B0048C5F2 /* FBSDKLoginKit.framework in Frameworks */,
				E5C42628FF9398D146FC1A6B /* Pods_devchatfire.framework in Frameworks */,
			);
			runOnlyForDeploymentPostprocessing = 0;
		};
/* End PBXFrameworksBuildPhase section */

/* Begin PBXGroup section */
		4C9DDDF26BBFFC5D936A391D /* Pods */ = {
			isa = PBXGroup;
			children = (
				E2ADA1C407CBCBD102629CC9 /* Pods-devchatfire.debug.xcconfig */,
				2FBFA6823DE7CC3E8434749D /* Pods-devchatfire.release.xcconfig */,
			);
			name = Pods;
			sourceTree = "<group>";
		};
		632C6DA81CE2D92B0048C5F2 /* Frameworks */ = {
			isa = PBXGroup;
			children = (
				632C6DA91CE2D93B0048C5F2 /* Bolts.framework */,
				632C6DAA1CE2D93B0048C5F2 /* FBSDKCoreKit.framework */,
				632C6DAB1CE2D93B0048C5F2 /* FBSDKLoginKit.framework */,
			);
			name = Frameworks;
			sourceTree = "<group>";
		};
		637DEC6A1CE30833008D2B28 /* Services */ = {
			isa = PBXGroup;
			children = (
				637DEC6B1CE30842008D2B28 /* DataService.swift */,
			);
			name = Services;
			sourceTree = "<group>";
		};
		63F3531B1CE18E2300705D77 = {
			isa = PBXGroup;
			children = (
				63F353261CE18E2300705D77 /* devchatfire */,
				63F353251CE18E2300705D77 /* Products */,
				4C9DDDF26BBFFC5D936A391D /* Pods */,
				E1A29367C1FFC47EAE21825C /* Frameworks */,
			);
			sourceTree = "<group>";
		};
		63F353251CE18E2300705D77 /* Products */ = {
			isa = PBXGroup;
			children = (
				63F353241CE18E2300705D77 /* devchatfire.app */,
			);
			name = Products;
			sourceTree = "<group>";
		};
		63F353261CE18E2300705D77 /* devchatfire */ = {
			isa = PBXGroup;
			children = (
				637DEC6A1CE30833008D2B28 /* Services */,
				632C6DA81CE2D92B0048C5F2 /* Frameworks */,
				63F353471CE1914B00705D77 /* Utils */,
				63F3533C1CE18E5100705D77 /* Resources */,
				63F3533B1CE18E4B00705D77 /* Model */,
				63F3533A1CE18E4500705D77 /* View */,
				63F353391CE18E3E00705D77 /* Controller */,
				63F353271CE18E2300705D77 /* AppDelegate.swift */,
				63F3532B1CE18E2300705D77 /* Main.storyboard */,
				63F3532E1CE18E2300705D77 /* Assets.xcassets */,
				63F353301CE18E2300705D77 /* LaunchScreen.storyboard */,
				63F353331CE18E2300705D77 /* Info.plist */,
				63222E511D23780D00ED057E /* GoogleService-Info.plist */,
			);
			path = devchatfire;
			sourceTree = "<group>";
		};
		63F353391CE18E3E00705D77 /* Controller */ = {
			isa = PBXGroup;
			children = (
				63F353291CE18E2300705D77 /* ViewController.swift */,
				637DEC6D1CE327CD008D2B28 /* FeedVC.swift */,
			);
			name = Controller;
			sourceTree = "<group>";
		};
		63F3533A1CE18E4500705D77 /* View */ = {
			isa = PBXGroup;
			children = (
				63F353451CE1910B00705D77 /* MaterialView.swift */,
				63F3534A1CE1955800705D77 /* MaterialButton.swift */,
				63F3534C1CE19A4C00705D77 /* MaterialTextField.swift */,
				637DEC6F1CE3296B008D2B28 /* PostCell.swift */,
			);
			name = View;
			sourceTree = "<group>";
		};
		63F3533B1CE18E4B00705D77 /* Model */ = {
			isa = PBXGroup;
			children = (
				635EB36D1CE5879300BB018F /* Post.swift */,
			);
			name = Model;
			sourceTree = "<group>";
		};
		63F3533C1CE18E5100705D77 /* Resources */ = {
			isa = PBXGroup;
			children = (
				63F3533D1CE18E7200705D77 /* NotoSans-Bold.ttf */,
				63F3533E1CE18E7200705D77 /* NotoSans-BoldItalic.ttf */,
				63F3533F1CE18E7200705D77 /* NotoSans-Italic.ttf */,
				63F353401CE18E7200705D77 /* NotoSans-Regular.ttf */,
			);
			name = Resources;
			sourceTree = "<group>";
		};
		63F353471CE1914B00705D77 /* Utils */ = {
			isa = PBXGroup;
			children = (
				63F353481CE1917100705D77 /* Constants.swift */,
			);
			name = Utils;
			sourceTree = "<group>";
		};
		E1A29367C1FFC47EAE21825C /* Frameworks */ = {
			isa = PBXGroup;
			children = (
				208BE55518424F8E4A230D35 /* Pods_devchatfire.framework */,
			);
			name = Frameworks;
			sourceTree = "<group>";
		};
/* End PBXGroup section */

/* Begin PBXNativeTarget section */
		63F353231CE18E2300705D77 /* devchatfire */ = {
			isa = PBXNativeTarget;
			buildConfigurationList = 63F353361CE18E2300705D77 /* Build configuration list for PBXNativeTarget "devchatfire" */;
			buildPhases = (
				8049D8F65774AFCE5C9DFDF4 /* 📦 Check Pods Manifest.lock */,
				63F353201CE18E2300705D77 /* Sources */,
				63F353211CE18E2300705D77 /* Frameworks */,
				63F353221CE18E2300705D77 /* Resources */,
				D49FB7FA509844577DDFDD3A /* 📦 Embed Pods Frameworks */,
				B227C8A510037115FFB9228E /* 📦 Copy Pods Resources */,
			);
			buildRules = (
			);
			dependencies = (
			);
			name = devchatfire;
			productName = devchatfire;
			productReference = 63F353241CE18E2300705D77 /* devchatfire.app */;
			productType = "com.apple.product-type.application";
		};
/* End PBXNativeTarget section */

/* Begin PBXProject section */
		63F3531C1CE18E2300705D77 /* Project object */ = {
			isa = PBXProject;
			attributes = {
				LastSwiftUpdateCheck = 0730;
				LastUpgradeCheck = 0730;
				ORGANIZATIONNAME = davidgun;
				TargetAttributes = {
					63F353231CE18E2300705D77 = {
						CreatedOnToolsVersion = 7.3;
						DevelopmentTeam = GD8VREVBA4;
					};
				};
			};
			buildConfigurationList = 63F3531F1CE18E2300705D77 /* Build configuration list for PBXProject "devchatfire" */;
			compatibilityVersion = "Xcode 3.2";
			developmentRegion = English;
			hasScannedForEncodings = 0;
			knownRegions = (
				en,
				Base,
			);
			mainGroup = 63F3531B1CE18E2300705D77;
			productRefGroup = 63F353251CE18E2300705D77 /* Products */;
			projectDirPath = "";
			projectRoot = "";
			targets = (
				63F353231CE18E2300705D77 /* devchatfire */,
			);
		};
/* End PBXProject section */

/* Begin PBXResourcesBuildPhase section */
		63F353221CE18E2300705D77 /* Resources */ = {
			isa = PBXResourcesBuildPhase;
			buildActionMask = 2147483647;
			files = (
				63F353411CE18E7200705D77 /* NotoSans-Bold.ttf in Resources */,
				63222E521D23780D00ED057E /* GoogleService-Info.plist in Resources */,
				63F353321CE18E2300705D77 /* LaunchScreen.storyboard in Resources */,
				63F353421CE18E7200705D77 /* NotoSans-BoldItalic.ttf in Resources */,
				63F353431CE18E7200705D77 /* NotoSans-Italic.ttf in Resources */,
				63F3532F1CE18E2300705D77 /* Assets.xcassets in Resources */,
				63F3532D1CE18E2300705D77 /* Main.storyboard in Resources */,
				63F353441CE18E7200705D77 /* NotoSans-Regular.ttf in Resources */,
			);
			runOnlyForDeploymentPostprocessing = 0;
		};
/* End PBXResourcesBuildPhase section */

/* Begin PBXShellScriptBuildPhase section */
		8049D8F65774AFCE5C9DFDF4 /* 📦 Check Pods Manifest.lock */ = {
			isa = PBXShellScriptBuildPhase;
			buildActionMask = 2147483647;
			files = (
			);
			inputPaths = (
			);
			name = "📦 Check Pods Manifest.lock";
			outputPaths = (
			);
			runOnlyForDeploymentPostprocessing = 0;
			shellPath = /bin/sh;
			shellScript = "diff \"${PODS_ROOT}/../Podfile.lock\" \"${PODS_ROOT}/Manifest.lock\" > /dev/null\nif [[ $? != 0 ]] ; then\n    cat << EOM\nerror: The sandbox is not in sync with the Podfile.lock. Run 'pod install' or update your CocoaPods installation.\nEOM\n    exit 1\nfi\n";
			showEnvVarsInLog = 0;
		};
		B227C8A510037115FFB9228E /* 📦 Copy Pods Resources */ = {
			isa = PBXShellScriptBuildPhase;
			buildActionMask = 2147483647;
			files = (
			);
			inputPaths = (
			);
			name = "📦 Copy Pods Resources";
			outputPaths = (
			);
			runOnlyForDeploymentPostprocessing = 0;
			shellPath = /bin/sh;
			shellScript = "\"${SRCROOT}/Pods/Target Support Files/Pods-devchatfire/Pods-devchatfire-resources.sh\"\n";
			showEnvVarsInLog = 0;
		};
		D49FB7FA509844577DDFDD3A /* 📦 Embed Pods Frameworks */ = {
			isa = PBXShellScriptBuildPhase;
			buildActionMask = 2147483647;
			files = (
			);
			inputPaths = (
			);
			name = "📦 Embed Pods Frameworks";
			outputPaths = (
			);
			runOnlyForDeploymentPostprocessing = 0;
			shellPath = /bin/sh;
			shellScript = "\"${SRCROOT}/Pods/Target Support Files/Pods-devchatfire/Pods-devchatfire-frameworks.sh\"\n";
			showEnvVarsInLog = 0;
		};
/* End PBXShellScriptBuildPhase section */

/* Begin PBXSourcesBuildPhase section */
		63F353201CE18E2300705D77 /* Sources */ = {
			isa = PBXSourcesBuildPhase;
			buildActionMask = 2147483647;
			files = (
				63F3534D1CE19A4C00705D77 /* MaterialTextField.swift in Sources */,
				637DEC6C1CE30842008D2B28 /* DataService.swift in Sources */,
				63F353461CE1910B00705D77 /* MaterialView.swift in Sources */,
				63F3532A1CE18E2300705D77 /* ViewController.swift in Sources */,
				637DEC6E1CE327CD008D2B28 /* FeedVC.swift in Sources */,
				637DEC701CE3296B008D2B28 /* PostCell.swift in Sources */,
				63F353281CE18E2300705D77 /* AppDelegate.swift in Sources */,
				63F353491CE1917100705D77 /* Constants.swift in Sources */,
				63F3534B1CE1955800705D77 /* MaterialButton.swift in Sources */,
				635EB36E1CE5879300BB018F /* Post.swift in Sources */,
			);
			runOnlyForDeploymentPostprocessing = 0;
		};
/* End PBXSourcesBuildPhase section */

/* Begin PBXVariantGroup section */
		63F3532B1CE18E2300705D77 /* Main.storyboard */ = {
			isa = PBXVariantGroup;
			children = (
				63F3532C1CE18E2300705D77 /* Base */,
			);
			name = Main.storyboard;
			sourceTree = "<group>";
		};
		63F353301CE18E2300705D77 /* LaunchScreen.storyboard */ = {
			isa = PBXVariantGroup;
			children = (
				63F353311CE18E2300705D77 /* Base */,
			);
			name = LaunchScreen.storyboard;
			sourceTree = "<group>";
		};
/* End PBXVariantGroup section */

/* Begin XCBuildConfiguration section */
		63F353341CE18E2300705D77 /* Debug */ = {
			isa = XCBuildConfiguration;
			buildSettings = {
				ALWAYS_SEARCH_USER_PATHS = NO;
				CLANG_ANALYZER_NONNULL = YES;
				CLANG_CXX_LANGUAGE_STANDARD = "gnu++0x";
				CLANG_CXX_LIBRARY = "libc++";
				CLANG_ENABLE_MODULES = YES;
				CLANG_ENABLE_OBJC_ARC = YES;
				CLANG_WARN_BOOL_CONVERSION = YES;
				CLANG_WARN_CONSTANT_CONVERSION = YES;
				CLANG_WARN_DIRECT_OBJC_ISA_USAGE = YES_ERROR;
				CLANG_WARN_EMPTY_BODY = YES;
				CLANG_WARN_ENUM_CONVERSION = YES;
				CLANG_WARN_INT_CONVERSION = YES;
				CLANG_WARN_OBJC_ROOT_CLASS = YES_ERROR;
				CLANG_WARN_UNREACHABLE_CODE = YES;
				CLANG_WARN__DUPLICATE_METHOD_MATCH = YES;
				"CODE_SIGN_IDENTITY[sdk=iphoneos*]" = "iPhone Developer";
				COPY_PHASE_STRIP = NO;
				DEBUG_INFORMATION_FORMAT = dwarf;
				ENABLE_STRICT_OBJC_MSGSEND = YES;
				ENABLE_TESTABILITY = YES;
				GCC_C_LANGUAGE_STANDARD = gnu99;
				GCC_DYNAMIC_NO_PIC = NO;
				GCC_NO_COMMON_BLOCKS = YES;
				GCC_OPTIMIZATION_LEVEL = 0;
				GCC_PREPROCESSOR_DEFINITIONS = (
					"DEBUG=1",
					"$(inherited)",
				);
				GCC_WARN_64_TO_32_BIT_CONVERSION = YES;
				GCC_WARN_ABOUT_RETURN_TYPE = YES_ERROR;
				GCC_WARN_UNDECLARED_SELECTOR = YES;
				GCC_WARN_UNINITIALIZED_AUTOS = YES_AGGRESSIVE;
				GCC_WARN_UNUSED_FUNCTION = YES;
				GCC_WARN_UNUSED_VARIABLE = YES;
				IPHONEOS_DEPLOYMENT_TARGET = 9.3;
				MTL_ENABLE_DEBUG_INFO = YES;
				ONLY_ACTIVE_ARCH = YES;
				SDKROOT = iphoneos;
				SWIFT_OPTIMIZATION_LEVEL = "-Onone";
			};
			name = Debug;
		};
		63F353351CE18E2300705D77 /* Release */ = {
			isa = XCBuildConfiguration;
			buildSettings = {
				ALWAYS_SEARCH_USER_PATHS = NO;
				CLANG_ANALYZER_NONNULL = YES;
				CLANG_CXX_LANGUAGE_STANDARD = "gnu++0x";
				CLANG_CXX_LIBRARY = "libc++";
				CLANG_ENABLE_MODULES = YES;
				CLANG_ENABLE_OBJC_ARC = YES;
				CLANG_WARN_BOOL_CONVERSION = YES;
				CLANG_WARN_CONSTANT_CONVERSION = YES;
				CLANG_WARN_DIRECT_OBJC_ISA_USAGE = YES_ERROR;
				CLANG_WARN_EMPTY_BODY = YES;
				CLANG_WARN_ENUM_CONVERSION = YES;
				CLANG_WARN_INT_CONVERSION = YES;
				CLANG_WARN_OBJC_ROOT_CLASS = YES_ERROR;
				CLANG_WARN_UNREACHABLE_CODE = YES;
				CLANG_WARN__DUPLICATE_METHOD_MATCH = YES;
				"CODE_SIGN_IDENTITY[sdk=iphoneos*]" = "iPhone Developer";
				COPY_PHASE_STRIP = NO;
				DEBUG_INFORMATION_FORMAT = "dwarf-with-dsym";
				ENABLE_NS_ASSERTIONS = NO;
				ENABLE_STRICT_OBJC_MSGSEND = YES;
				GCC_C_LANGUAGE_STANDARD = gnu99;
				GCC_NO_COMMON_BLOCKS = YES;
				GCC_WARN_64_TO_32_BIT_CONVERSION = YES;
				GCC_WARN_ABOUT_RETURN_TYPE = YES_ERROR;
				GCC_WARN_UNDECLARED_SELECTOR = YES;
				GCC_WARN_UNINITIALIZED_AUTOS = YES_AGGRESSIVE;
				GCC_WARN_UNUSED_FUNCTION = YES;
				GCC_WARN_UNUSED_VARIABLE = YES;
				IPHONEOS_DEPLOYMENT_TARGET = 9.3;
				MTL_ENABLE_DEBUG_INFO = NO;
				SDKROOT = iphoneos;
				VALIDATE_PRODUCT = YES;
			};
			name = Release;
		};
		63F353371CE18E2300705D77 /* Debug */ = {
			isa = XCBuildConfiguration;
			baseConfigurationReference = E2ADA1C407CBCBD102629CC9 /* Pods-devchatfire.debug.xcconfig */;
			buildSettings = {
				ASSETCATALOG_COMPILER_APPICON_NAME = AppIcon;
				ENABLE_BITCODE = NO;
				FRAMEWORK_SEARCH_PATHS = (
					"$(inherited)",
					"$(PROJECT_DIR)/devchatfire",
				);
				INFOPLIST_FILE = devchatfire/Info.plist;
				LD_RUNPATH_SEARCH_PATHS = "$(inherited) @executable_path/Frameworks";
				PRODUCT_BUNDLE_IDENTIFIER = com.david.devchatfire;
				PRODUCT_NAME = "$(TARGET_NAME)";
			};
			name = Debug;
		};
		63F353381CE18E2300705D77 /* Release */ = {
			isa = XCBuildConfiguration;
			baseConfigurationReference = 2FBFA6823DE7CC3E8434749D /* Pods-devchatfire.release.xcconfig */;
			buildSettings = {
				ASSETCATALOG_COMPILER_APPICON_NAME = AppIcon;
				ENABLE_BITCODE = NO;
				FRAMEWORK_SEARCH_PATHS = (
					"$(inherited)",
					"$(PROJECT_DIR)/devchatfire",
				);
				INFOPLIST_FILE = devchatfire/Info.plist;
				LD_RUNPATH_SEARCH_PATHS = "$(inherited) @executable_path/Frameworks";
				PRODUCT_BUNDLE_IDENTIFIER = com.david.devchatfire;
				PRODUCT_NAME = "$(TARGET_NAME)";
			};
			name = Release;
		};
/* End XCBuildConfiguration section */

/* Begin XCConfigurationList section */
		63F3531F1CE18E2300705D77 /* Build configuration list for PBXProject "devchatfire" */ = {
			isa = XCConfigurationList;
			buildConfigurations = (
				63F353341CE18E2300705D77 /* Debug */,
				63F353351CE18E2300705D77 /* Release */,
			);
			defaultConfigurationIsVisible = 0;
			defaultConfigurationName = Release;
		};
		63F353361CE18E2300705D77 /* Build configuration list for PBXNativeTarget "devchatfire" */ = {
			isa = XCConfigurationList;
			buildConfigurations = (
				63F353371CE18E2300705D77 /* Debug */,
				63F353381CE18E2300705D77 /* Release */,
			);
			defaultConfigurationIsVisible = 0;
			defaultConfigurationName = Release;
		};
/* End XCConfigurationList section */
	};
	rootObject = 63F3531C1CE18E2300705D77 /* Project object */;
}
