// !$*UTF8*$!
{
	archiveVersion = 1;
	classes = {
	};
	objectVersion = 46;
	objects = {

/* Begin PBXBuildFile section */
		63F353281CE18E2300705D77 /* AppDelegate.swift in Sources */ = {isa = PBXBuildFile; fileRef = 63F353271CE18E2300705D77 /* AppDelegate.swift */; };
		63F3532A1CE18E2300705D77 /* ViewController.swift in Sources */ = {isa = PBXBuildFile; fileRef = 63F353291CE18E2300705D77 /* ViewController.swift */; };
		63F3532D1CE18E2300705D77 /* Main.storyboard in Resources */ = {isa = PBXBuildFile; fileRef = 63F3532B1CE18E2300705D77 /* Main.storyboard */; };
		63F3532F1CE18E2300705D77 /* Assets.xcassets in Resources */ = {isa = PBXBuildFile; fileRef = 63F3532E1CE18E2300705D77 /* Assets.xcassets */; };
		63F353321CE18E2300705D77 /* LaunchScreen.storyboard in Resources */ = {isa = PBXBuildFile; fileRef = 63F353301CE18E2300705D77 /* LaunchScreen.storyboard */; };
/* End PBXBuildFile section */

/* Begin PBXFileReference section */
		63F353241CE18E2300705D77 /* devchatfire.app */ = {isa = PBXFileReference; explicitFileType = wrapper.application; includeInIndex = 0; path = devchatfire.app; sourceTree = BUILT_PRODUCTS_DIR; };
		63F353271CE18E2300705D77 /* AppDelegate.swift */ = {isa = PBXFileReference; lastKnownFileType = sourcecode.swift; path = AppDelegate.swift; sourceTree = "<group>"; };
		63F353291CE18E2300705D77 /* ViewController.swift */ = {isa = PBXFileReference; lastKnownFileType = sourcecode.swift; path = ViewController.swift; sourceTree = "<group>"; };
		63F3532C1CE18E2300705D77 /* Base */ = {isa = PBXFileReference; lastKnownFileType = file.storyboard; name = Base; path = Base.lproj/Main.storyboard; sourceTree = "<group>"; };
		63F3532E1CE18E2300705D77 /* Assets.xcassets */ = {isa = PBXFileReference; lastKnownFileType = folder.assetcatalog; path = Assets.xcassets; sourceTree = "<group>"; };
		63F353311CE18E2300705D77 /* Base */ = {isa = PBXFileReference; lastKnownFileType = file.storyboard; name = Base; path = Base.lproj/LaunchScreen.storyboard; sourceTree = "<group>"; };
		63F353331CE18E2300705D77 /* Info.plist */ = {isa = PBXFileReference; lastKnownFileType = text.plist.xml; path = Info.plist; sourceTree = "<group>"; };
/* End PBXFileReference section */

/* Begin PBXFrameworksBuildPhase section */
		63F353211CE18E2300705D77 /* Frameworks */ = {
			isa = PBXFrameworksBuildPhase;
			buildActionMask = 2147483647;
			files = (
			);
			runOnlyForDeploymentPostprocessing = 0;
		};
/* End PBXFrameworksBuildPhase section */

/* Begin PBXGroup section */
		63F3531B1CE18E2300705D77 = {
			isa = PBXGroup;
			children = (
				63F353261CE18E2300705D77 /* devchatfire */,
				63F353251CE18E2300705D77 /* Products */,
			);
			sourceTree = "<group>";
		};
		63F353251CE18E2300705D77 /* Products */ = {
			isa = PBXGroup;
			children = (
				63F353241CE18E2300705D77 /* devchatfire.app */,
			);
			name = Products;
			sourceTree = "<group>";
		};
		63F353261CE18E2300705D77 /* devchatfire */ = {
			isa = PBXGroup;
			children = (
				63F353271CE18E2300705D77 /* AppDelegate.swift */,
				63F353291CE18E2300705D77 /* ViewController.swift */,
				63F3532B1CE18E2300705D77 /* Main.storyboard */,
				63F3532E1CE18E2300705D77 /* Assets.xcassets */,
				63F353301CE18E2300705D77 /* LaunchScreen.storyboard */,
				63F353331CE18E2300705D77 /* Info.plist */,
			);
			path = devchatfire;
			sourceTree = "<group>";
		};
/* End PBXGroup section */

/* Begin PBXNativeTarget section */
		63F353231CE18E2300705D77 /* devchatfire */ = {
			isa = PBXNativeTarget;
			buildConfigurationList = 63F353361CE18E2300705D77 /* Build configuration list for PBXNativeTarget "devchatfire" */;
			buildPhases = (
				63F353201CE18E2300705D77 /* Sources */,
				63F353211CE18E2300705D77 /* Frameworks */,
				63F353221CE18E2300705D77 /* Resources */,
			);
			buildRules = (
			);
			dependencies = (
			);
			name = devchatfire;
			productName = devchatfire;
			productReference = 63F353241CE18E2300705D77 /* devchatfire.app */;
			productType = "com.apple.product-type.application";
		};
/* End PBXNativeTarget section */

/* Begin PBXProject section */
		63F3531C1CE18E2300705D77 /* Project object */ = {
			isa = PBXProject;
			attributes = {
				LastSwiftUpdateCheck = 0730;
				LastUpgradeCheck = 0730;
				ORGANIZATIONNAME = davidgun;
				TargetAttributes = {
					63F353231CE18E2300705D77 = {
						CreatedOnToolsVersion = 7.3;
						DevelopmentTeam = GD8VREVBA4;
					};
				};
			};
			buildConfigurationList = 63F3531F1CE18E2300705D77 /* Build configuration list for PBXProject "devchatfire" */;
			compatibilityVersion = "Xcode 3.2";
			developmentRegion = English;
			hasScannedForEncodings = 0;
			knownRegions = (
				en,
				Base,
			);
			mainGroup = 63F3531B1CE18E2300705D77;
			productRefGroup = 63F353251CE18E2300705D77 /* Products */;
			projectDirPath = "";
			projectRoot = "";
			targets = (
				63F353231CE18E2300705D77 /* devchatfire */,
			);
		};
/* End PBXProject section */

/* Begin PBXResourcesBuildPhase section */
		63F353221CE18E2300705D77 /* Resources */ = {
			isa = PBXResourcesBuildPhase;
			buildActionMask = 2147483647;
			files = (
				63F353321CE18E2300705D77 /* LaunchScreen.storyboard in Resources */,
				63F3532F1CE18E2300705D77 /* Assets.xcassets in Resources */,
				63F3532D1CE18E2300705D77 /* Main.storyboard in Resources */,
			);
			runOnlyForDeploymentPostprocessing = 0;
		};
/* End PBXResourcesBuildPhase section */

/* Begin PBXSourcesBuildPhase section */
		63F353201CE18E2300705D77 /* Sources */ = {
			isa = PBXSourcesBuildPhase;
			buildActionMask = 2147483647;
			files = (
				63F3532A1CE18E2300705D77 /* ViewController.swift in Sources */,
				63F353281CE18E2300705D77 /* AppDelegate.swift in Sources */,
			);
			runOnlyForDeploymentPostprocessing = 0;
		};
/* End PBXSourcesBuildPhase section */

/* Begin PBXVariantGroup section */
		63F3532B1CE18E2300705D77 /* Main.storyboard */ = {
			isa = PBXVariantGroup;
			children = (
				63F3532C1CE18E2300705D77 /* Base */,
			);
			name = Main.storyboard;
			sourceTree = "<group>";
		};
		63F353301CE18E2300705D77 /* LaunchScreen.storyboard */ = {
			isa = PBXVariantGroup;
			children = (
				63F353311CE18E2300705D77 /* Base */,
			);
			name = LaunchScreen.storyboard;
			sourceTree = "<group>";
		};
/* End PBXVariantGroup section */

/* Begin XCBuildConfiguration section */
		63F353341CE18E2300705D77 /* Debug */ = {
			isa = XCBuildConfiguration;
			buildSettings = {
				ALWAYS_SEARCH_USER_PATHS = NO;
				CLANG_ANALYZER_NONNULL = YES;
				CLANG_CXX_LANGUAGE_STANDARD = "gnu++0x";
				CLANG_CXX_LIBRARY = "libc++";
				CLANG_ENABLE_MODULES = YES;
				CLANG_ENABLE_OBJC_ARC = YES;
				CLANG_WARN_BOOL_CONVERSION = YES;
				CLANG_WARN_CONSTANT_CONVERSION = YES;
				CLANG_WARN_DIRECT_OBJC_ISA_USAGE = YES_ERROR;
				CLANG_WARN_EMPTY_BODY = YES;
				CLANG_WARN_ENUM_CONVERSION = YES;
				CLANG_WARN_INT_CONVERSION = YES;
				CLANG_WARN_OBJC_ROOT_CLASS = YES_ERROR;
				CLANG_WARN_UNREACHABLE_CODE = YES;
				CLANG_WARN__DUPLICATE_METHOD_MATCH = YES;
				"CODE_SIGN_IDENTITY[sdk=iphoneos*]" = "iPhone Developer";
				COPY_PHASE_STRIP = NO;
				DEBUG_INFORMATION_FORMAT = dwarf;
				ENABLE_STRICT_OBJC_MSGSEND = YES;
				ENABLE_TESTABILITY = YES;
				GCC_C_LANGUAGE_STANDARD = gnu99;
				GCC_DYNAMIC_NO_PIC = NO;
				GCC_NO_COMMON_BLOCKS = YES;
				GCC_OPTIMIZATION_LEVEL = 0;
				GCC_PREPROCESSOR_DEFINITIONS = (
					"DEBUG=1",
					"$(inherited)",
				);
				GCC_WARN_64_TO_32_BIT_CONVERSION = YES;
				GCC_WARN_ABOUT_RETURN_TYPE = YES_ERROR;
				GCC_WARN_UNDECLARED_SELECTOR = YES;
				GCC_WARN_UNINITIALIZED_AUTOS = YES_AGGRESSIVE;
				GCC_WARN_UNUSED_FUNCTION = YES;
				GCC_WARN_UNUSED_VARIABLE = YES;
				IPHONEOS_DEPLOYMENT_TARGET = 9.3;
				MTL_ENABLE_DEBUG_INFO = YES;
				ONLY_ACTIVE_ARCH = YES;
				SDKROOT = iphoneos;
				SWIFT_OPTIMIZATION_LEVEL = "-Onone";
			};
			name = Debug;
		};
		63F353351CE18E2300705D77 /* Release */ = {
			isa = XCBuildConfiguration;
			buildSettings = {
				ALWAYS_SEARCH_USER_PATHS = NO;
				CLANG_ANALYZER_NONNULL = YES;
				CLANG_CXX_LANGUAGE_STANDARD = "gnu++0x";
				CLANG_CXX_LIBRARY = "libc++";
				CLANG_ENABLE_MODULES = YES;
				CLANG_ENABLE_OBJC_ARC = YES;
				CLANG_WARN_BOOL_CONVERSION = YES;
				CLANG_WARN_CONSTANT_CONVERSION = YES;
				CLANG_WARN_DIRECT_OBJC_ISA_USAGE = YES_ERROR;
				CLANG_WARN_EMPTY_BODY = YES;
				CLANG_WARN_ENUM_CONVERSION = YES;
				CLANG_WARN_INT_CONVERSION = YES;
				CLANG_WARN_OBJC_ROOT_CLASS = YES_ERROR;
				CLANG_WARN_UNREACHABLE_CODE = YES;
				CLANG_WARN__DUPLICATE_METHOD_MATCH = YES;
				"CODE_SIGN_IDENTITY[sdk=iphoneos*]" = "iPhone Developer";
				COPY_PHASE_STRIP = NO;
				DEBUG_INFORMATION_FORMAT = "dwarf-with-dsym";
				ENABLE_NS_ASSERTIONS = NO;
				ENABLE_STRICT_OBJC_MSGSEND = YES;
				GCC_C_LANGUAGE_STANDARD = gnu99;
				GCC_NO_COMMON_BLOCKS = YES;
				GCC_WARN_64_TO_32_BIT_CONVERSION = YES;
				GCC_WARN_ABOUT_RETURN_TYPE = YES_ERROR;
				GCC_WARN_UNDECLARED_SELECTOR = YES;
				GCC_WARN_UNINITIALIZED_AUTOS = YES_AGGRESSIVE;
				GCC_WARN_UNUSED_FUNCTION = YES;
				GCC_WARN_UNUSED_VARIABLE = YES;
				IPHONEOS_DEPLOYMENT_TARGET = 9.3;
				MTL_ENABLE_DEBUG_INFO = NO;
				SDKROOT = iphoneos;
				VALIDATE_PRODUCT = YES;
			};
			name = Release;
		};
		63F353371CE18E2300705D77 /* Debug */ = {
			isa = XCBuildConfiguration;
			buildSettings = {
				ASSETCATALOG_COMPILER_APPICON_NAME = AppIcon;
				INFOPLIST_FILE = devchatfire/Info.plist;
				LD_RUNPATH_SEARCH_PATHS = "$(inherited) @executable_path/Frameworks";
				PRODUCT_BUNDLE_IDENTIFIER = com.david.devchatfire;
				PRODUCT_NAME = "$(TARGET_NAME)";
			};
			name = Debug;
		};
		63F353381CE18E2300705D77 /* Release */ = {
			isa = XCBuildConfiguration;
			buildSettings = {
				ASSETCATALOG_COMPILER_APPICON_NAME = AppIcon;
				INFOPLIST_FILE = devchatfire/Info.plist;
				LD_RUNPATH_SEARCH_PATHS = "$(inherited) @executable_path/Frameworks";
				PRODUCT_BUNDLE_IDENTIFIER = com.david.devchatfire;
				PRODUCT_NAME = "$(TARGET_NAME)";
			};
			name = Release;
		};
/* End XCBuildConfiguration section */

/* Begin XCConfigurationList section */
		63F3531F1CE18E2300705D77 /* Build configuration list for PBXProject "devchatfire" */ = {
			isa = XCConfigurationList;
			buildConfigurations = (
				63F353341CE18E2300705D77 /* Debug */,
				63F353351CE18E2300705D77 /* Release */,
			);
			defaultConfigurationIsVisible = 0;
			defaultConfigurationName = Release;
		};
		63F353361CE18E2300705D77 /* Build configuration list for PBXNativeTarget "devchatfire" */ = {
			isa = XCConfigurationList;
			buildConfigurations = (
				63F353371CE18E2300705D77 /* Debug */,
				63F353381CE18E2300705D77 /* Release */,
			);
			defaultConfigurationIsVisible = 0;
		};
/* End XCConfigurationList section */
	};
	rootObject = 63F3531C1CE18E2300705D77 /* Project object */;
}
